
Microsoft Visual Studio Solution File, Format Version 12.00
# Visual Studio Version 17
VisualStudioVersion = 17.14.36109.1 d17.14
MinimumVisualStudioVersion = 10.0.40219.1
Project("{FAE04EC0-301F-11D3-BF4B-00C04F79EFBC}") = "ComicRentalSystem", "ComicRentalSystem.csproj", "{DD22F148-6E37-46F9-8BD0-28DF6B63D421}"
EndProject
Global
	GlobalSection(SolutionConfigurationPlatforms) = preSolution
		Debug|Any CPU = Debug|Any CPU
		Release|Any CPU = Release|Any CPU
	EndGlobalSection
	GlobalSection(ProjectConfigurationPlatforms) = postSolution
		{DD22F148-6E37-46F9-8BD0-28DF6B63D421}.Debug|Any CPU.ActiveCfg = Debug|Any CPU
		{DD22F148-6E37-46F9-8BD0-28DF6B63D421}.Debug|Any CPU.Build.0 = Debug|Any CPU
		{DD22F148-6E37-46F9-8BD0-28DF6B63D421}.Release|Any CPU.ActiveCfg = Release|Any CPU
		{DD22F148-6E37-46F9-8BD0-28DF6B63D421}.Release|Any CPU.Build.0 = Release|Any CPU
	EndGlobalSection
	GlobalSection(SolutionProperties) = preSolution
		HideSolutionNode = FALSE
	EndGlobalSection
	GlobalSection(ExtensibilityGlobals) = postSolution
		SolutionGuid = {32CA28BE-300E-4C0A-A9CA-F23AD8537AA1}
	EndGlobalSection
EndGlobal
